
Microsoft Visual Studio Solution File, Format Version 12.00
# Visual Studio Version 16
VisualStudioVersion = 16.0.28803.202
MinimumVisualStudioVersion = 10.0.40219.1
Project("{FAE04EC0-301F-11D3-BF4B-00C04F79EFBC}") = "GenericsDemo", "GenericsDemo\GenericsDemo.csproj", "{DACE3621-046C-44A9-A35D-63E052A1D76E}"
EndProject
Global
	GlobalSection(SolutionConfigurationPlatforms) = preSolution
		Debug|Any CPU = Debug|Any CPU
		Release|Any CPU = Release|Any CPU
	EndGlobalSection
	GlobalSection(ProjectConfigurationPlatforms) = postSolution
		{DACE3621-046C-44A9-A35D-63E052A1D76E}.Debug|Any CPU.ActiveCfg = Debug|Any CPU
		{DACE3621-046C-44A9-A35D-63E052A1D76E}.Debug|Any CPU.Build.0 = Debug|Any CPU
		{DACE3621-046C-44A9-A35D-63E052A1D76E}.Release|Any CPU.ActiveCfg = Release|Any CPU
		{DACE3621-046C-44A9-A35D-63E052A1D76E}.Release|Any CPU.Build.0 = Release|Any CPU
	EndGlobalSection
	GlobalSection(SolutionProperties) = preSolution
		HideSolutionNode = FALSE
	EndGlobalSection
	GlobalSection(ExtensibilityGlobals) = postSolution
		SolutionGuid = {C9959747-ABDE-4D24-943E-3F40A16529E5}
	EndGlobalSection
EndGlobal
